
Microsoft Visual Studio Solution File, Format Version 12.00
# Visual Studio Version 17
VisualStudioVersion = 17.8.34511.84
MinimumVisualStudioVersion = 10.0.40219.1
Project("{FAE04EC0-301F-11D3-BF4B-00C04F79EFBC}") = "Persistence", "Persistence\Persistence.csproj", "{5DC39AB7-117D-4CFB-B0B7-587227064F4F}"
EndProject
Project("{FAE04EC0-301F-11D3-BF4B-00C04F79EFBC}") = "Domain", "Domain\Domain.csproj", "{C853E7E1-04D2-4825-B17B-D1D126B8E350}"
EndProject
Project("{FAE04EC0-301F-11D3-BF4B-00C04F79EFBC}") = "Application", "Application\Application.csproj", "{A442CEFC-D9F0-479E-B37D-49E5182742A3}"
EndProject
Project("{FAE04EC0-301F-11D3-BF4B-00C04F79EFBC}") = "Infrastructure", "Infrastructure\Infrastructure.csproj", "{97974509-C0DD-4DB9-8107-F4F713505071}"
EndProject
Project("{FAE04EC0-301F-11D3-BF4B-00C04F79EFBC}") = "WebApi", "WebApi\WebApi.csproj", "{551B6576-F19D-470F-B3E2-6640F1CB280E}"
EndProject
Global
	GlobalSection(SolutionConfigurationPlatforms) = preSolution
		Debug|Any CPU = Debug|Any CPU
		Release|Any CPU = Release|Any CPU
	EndGlobalSection
	GlobalSection(ProjectConfigurationPlatforms) = postSolution
		{5DC39AB7-117D-4CFB-B0B7-587227064F4F}.Debug|Any CPU.ActiveCfg = Debug|Any CPU
		{5DC39AB7-117D-4CFB-B0B7-587227064F4F}.Debug|Any CPU.Build.0 = Debug|Any CPU
		{5DC39AB7-117D-4CFB-B0B7-587227064F4F}.Release|Any CPU.ActiveCfg = Release|Any CPU
		{5DC39AB7-117D-4CFB-B0B7-587227064F4F}.Release|Any CPU.Build.0 = Release|Any CPU
		{C853E7E1-04D2-4825-B17B-D1D126B8E350}.Debug|Any CPU.ActiveCfg = Debug|Any CPU
		{C853E7E1-04D2-4825-B17B-D1D126B8E350}.Debug|Any CPU.Build.0 = Debug|Any CPU
		{C853E7E1-04D2-4825-B17B-D1D126B8E350}.Release|Any CPU.ActiveCfg = Release|Any CPU
		{C853E7E1-04D2-4825-B17B-D1D126B8E350}.Release|Any CPU.Build.0 = Release|Any CPU
		{A442CEFC-D9F0-479E-B37D-49E5182742A3}.Debug|Any CPU.ActiveCfg = Debug|Any CPU
		{A442CEFC-D9F0-479E-B37D-49E5182742A3}.Debug|Any CPU.Build.0 = Debug|Any CPU
		{A442CEFC-D9F0-479E-B37D-49E5182742A3}.Release|Any CPU.ActiveCfg = Release|Any CPU
		{A442CEFC-D9F0-479E-B37D-49E5182742A3}.Release|Any CPU.Build.0 = Release|Any CPU
		{97974509-C0DD-4DB9-8107-F4F713505071}.Debug|Any CPU.ActiveCfg = Debug|Any CPU
		{97974509-C0DD-4DB9-8107-F4F713505071}.Debug|Any CPU.Build.0 = Debug|Any CPU
		{97974509-C0DD-4DB9-8107-F4F713505071}.Release|Any CPU.ActiveCfg = Release|Any CPU
		{97974509-C0DD-4DB9-8107-F4F713505071}.Release|Any CPU.Build.0 = Release|Any CPU
		{551B6576-F19D-470F-B3E2-6640F1CB280E}.Debug|Any CPU.ActiveCfg = Debug|Any CPU
		{551B6576-F19D-470F-B3E2-6640F1CB280E}.Debug|Any CPU.Build.0 = Debug|Any CPU
		{551B6576-F19D-470F-B3E2-6640F1CB280E}.Release|Any CPU.ActiveCfg = Release|Any CPU
		{551B6576-F19D-470F-B3E2-6640F1CB280E}.Release|Any CPU.Build.0 = Release|Any CPU
	EndGlobalSection
	GlobalSection(SolutionProperties) = preSolution
		HideSolutionNode = FALSE
	EndGlobalSection
	GlobalSection(ExtensibilityGlobals) = postSolution
		SolutionGuid = {0C8DDDB2-061A-4D0B-9DE5-EF8ACE1193FA}
	EndGlobalSection
EndGlobal
